
Microsoft Visual Studio Solution File, Format Version 12.00
# Visual Studio Version 16
VisualStudioVersion = 16.0.31025.194
MinimumVisualStudioVersion = 10.0.40219.1
Project("{9A19103F-16F7-4668-BE54-9A1E7A4F7556}") = "TicTacToe", "TicTacToe\TicTacToe.csproj", "{4F98B15A-B4E3-4EC1-8A51-479238412A3C}"
EndProject
Project("{FAE04EC0-301F-11D3-BF4B-00C04F79EFBC}") = "TicTacToeLib", "TicTacToeLib\TicTacToeLib.csproj", "{D8FBDB90-4153-495C-BC2D-7011902C605D}"
EndProject
Global
	GlobalSection(SolutionConfigurationPlatforms) = preSolution
		Debug|Any CPU = Debug|Any CPU
		Release|Any CPU = Release|Any CPU
	EndGlobalSection
	GlobalSection(ProjectConfigurationPlatforms) = postSolution
		{4F98B15A-B4E3-4EC1-8A51-479238412A3C}.Debug|Any CPU.ActiveCfg = Debug|Any CPU
		{4F98B15A-B4E3-4EC1-8A51-479238412A3C}.Debug|Any CPU.Build.0 = Debug|Any CPU
		{4F98B15A-B4E3-4EC1-8A51-479238412A3C}.Release|Any CPU.ActiveCfg = Release|Any CPU
		{4F98B15A-B4E3-4EC1-8A51-479238412A3C}.Release|Any CPU.Build.0 = Release|Any CPU
		{D8FBDB90-4153-495C-BC2D-7011902C605D}.Debug|Any CPU.ActiveCfg = Debug|Any CPU
		{D8FBDB90-4153-495C-BC2D-7011902C605D}.Debug|Any CPU.Build.0 = Debug|Any CPU
		{D8FBDB90-4153-495C-BC2D-7011902C605D}.Release|Any CPU.ActiveCfg = Release|Any CPU
		{D8FBDB90-4153-495C-BC2D-7011902C605D}.Release|Any CPU.Build.0 = Release|Any CPU
	EndGlobalSection
	GlobalSection(SolutionProperties) = preSolution
		HideSolutionNode = FALSE
	EndGlobalSection
	GlobalSection(ExtensibilityGlobals) = postSolution
		SolutionGuid = {D95A6621-D789-4955-9B70-8A8938BD6885}
	EndGlobalSection
EndGlobal
