
Microsoft Visual Studio Solution File, Format Version 12.00
# Visual Studio 2013
VisualStudioVersion = 12.0.30110.0
MinimumVisualStudioVersion = 10.0.40219.1
Project("{FAE04EC0-301F-11D3-BF4B-00C04F79EFBC}") = "ClientApp", "ClientApp\ClientApp.csproj", "{CA3004C9-26E5-40DC-94D8-CB8DAF2827E7}"
EndProject
Project("{FAE04EC0-301F-11D3-BF4B-00C04F79EFBC}") = "CryptoLib", "CryptoLib\CryptoLib.csproj", "{F7BBCB65-720E-4FF4-90E2-0F765CE751F8}"
EndProject
Project("{FAE04EC0-301F-11D3-BF4B-00C04F79EFBC}") = "CryptoLibTests", "CryptoLibTests\CryptoLibTests.csproj", "{D3D8CED3-B1DE-461E-856E-4B2DDE7772F0}"
EndProject
Global
	GlobalSection(SolutionConfigurationPlatforms) = preSolution
		Debug|Any CPU = Debug|Any CPU
		Release|Any CPU = Release|Any CPU
	EndGlobalSection
	GlobalSection(ProjectConfigurationPlatforms) = postSolution
		{CA3004C9-26E5-40DC-94D8-CB8DAF2827E7}.Debug|Any CPU.ActiveCfg = Debug|Any CPU
		{CA3004C9-26E5-40DC-94D8-CB8DAF2827E7}.Debug|Any CPU.Build.0 = Debug|Any CPU
		{CA3004C9-26E5-40DC-94D8-CB8DAF2827E7}.Release|Any CPU.ActiveCfg = Release|Any CPU
		{CA3004C9-26E5-40DC-94D8-CB8DAF2827E7}.Release|Any CPU.Build.0 = Release|Any CPU
		{F7BBCB65-720E-4FF4-90E2-0F765CE751F8}.Debug|Any CPU.ActiveCfg = Debug|Any CPU
		{F7BBCB65-720E-4FF4-90E2-0F765CE751F8}.Debug|Any CPU.Build.0 = Debug|Any CPU
		{F7BBCB65-720E-4FF4-90E2-0F765CE751F8}.Release|Any CPU.ActiveCfg = Release|Any CPU
		{F7BBCB65-720E-4FF4-90E2-0F765CE751F8}.Release|Any CPU.Build.0 = Release|Any CPU
		{D3D8CED3-B1DE-461E-856E-4B2DDE7772F0}.Debug|Any CPU.ActiveCfg = Debug|Any CPU
		{D3D8CED3-B1DE-461E-856E-4B2DDE7772F0}.Debug|Any CPU.Build.0 = Debug|Any CPU
		{D3D8CED3-B1DE-461E-856E-4B2DDE7772F0}.Release|Any CPU.ActiveCfg = Release|Any CPU
		{D3D8CED3-B1DE-461E-856E-4B2DDE7772F0}.Release|Any CPU.Build.0 = Release|Any CPU
	EndGlobalSection
	GlobalSection(SolutionProperties) = preSolution
		HideSolutionNode = FALSE
	EndGlobalSection
EndGlobal
