
Microsoft Visual Studio Solution File, Format Version 12.00
# Visual Studio 2013
VisualStudioVersion = 12.0.30110.0
MinimumVisualStudioVersion = 10.0.40219.1
Project("{FAE04EC0-301F-11D3-BF4B-00C04F79EFBC}") = "PropGenLib", "PropGenLib\PropGenLib.csproj", "{9E3B12ED-2670-4C9A-9367-E1F43D86E207}"
EndProject
Project("{FAE04EC0-301F-11D3-BF4B-00C04F79EFBC}") = "PropGenTests", "PropGenTests\PropGenTests.csproj", "{E86FB1F0-EA37-4E2C-B2C0-58F760BD8802}"
EndProject
Global
	GlobalSection(SolutionConfigurationPlatforms) = preSolution
		Debug|Any CPU = Debug|Any CPU
		Release|Any CPU = Release|Any CPU
	EndGlobalSection
	GlobalSection(ProjectConfigurationPlatforms) = postSolution
		{9E3B12ED-2670-4C9A-9367-E1F43D86E207}.Debug|Any CPU.ActiveCfg = Debug|Any CPU
		{9E3B12ED-2670-4C9A-9367-E1F43D86E207}.Debug|Any CPU.Build.0 = Debug|Any CPU
		{9E3B12ED-2670-4C9A-9367-E1F43D86E207}.Release|Any CPU.ActiveCfg = Release|Any CPU
		{9E3B12ED-2670-4C9A-9367-E1F43D86E207}.Release|Any CPU.Build.0 = Release|Any CPU
		{E86FB1F0-EA37-4E2C-B2C0-58F760BD8802}.Debug|Any CPU.ActiveCfg = Debug|Any CPU
		{E86FB1F0-EA37-4E2C-B2C0-58F760BD8802}.Debug|Any CPU.Build.0 = Debug|Any CPU
		{E86FB1F0-EA37-4E2C-B2C0-58F760BD8802}.Release|Any CPU.ActiveCfg = Release|Any CPU
		{E86FB1F0-EA37-4E2C-B2C0-58F760BD8802}.Release|Any CPU.Build.0 = Release|Any CPU
	EndGlobalSection
	GlobalSection(SolutionProperties) = preSolution
		HideSolutionNode = FALSE
	EndGlobalSection
EndGlobal
