
Microsoft Visual Studio Solution File, Format Version 12.00
# Visual Studio Version 16
VisualStudioVersion = 16.0.31025.194
MinimumVisualStudioVersion = 10.0.40219.1
Project("{FAE04EC0-301F-11D3-BF4B-00C04F79EFBC}") = "OopDemo", "OopDemo\OopDemo.csproj", "{B4A88229-D50B-4F89-B4BC-30701E152D61}"
EndProject
Global
	GlobalSection(SolutionConfigurationPlatforms) = preSolution
		Debug|Any CPU = Debug|Any CPU
		Release|Any CPU = Release|Any CPU
	EndGlobalSection
	GlobalSection(ProjectConfigurationPlatforms) = postSolution
		{B4A88229-D50B-4F89-B4BC-30701E152D61}.Debug|Any CPU.ActiveCfg = Debug|Any CPU
		{B4A88229-D50B-4F89-B4BC-30701E152D61}.Debug|Any CPU.Build.0 = Debug|Any CPU
		{B4A88229-D50B-4F89-B4BC-30701E152D61}.Release|Any CPU.ActiveCfg = Release|Any CPU
		{B4A88229-D50B-4F89-B4BC-30701E152D61}.Release|Any CPU.Build.0 = Release|Any CPU
	EndGlobalSection
	GlobalSection(SolutionProperties) = preSolution
		HideSolutionNode = FALSE
	EndGlobalSection
	GlobalSection(ExtensibilityGlobals) = postSolution
		SolutionGuid = {8A7AA208-FED1-4664-9A7A-20489EC399FD}
	EndGlobalSection
EndGlobal
